
Microsoft Visual Studio Solution File, Format Version 12.00
# Visual Studio 2012
Project("{FAE04EC0-301F-11D3-BF4B-00C04F79EFBC}") = "Extensions", "Extensions\Extensions.csproj", "{1EBEFE37-1BE1-4EA8-A1C9-16DCB6E261FB}"
EndProject
Project("{FAE04EC0-301F-11D3-BF4B-00C04F79EFBC}") = "Extensions.Test", "Extensions.Test\Extensions.Test.csproj", "{438532A0-5EB8-42FD-9AD4-EC8C0B3F5082}"
EndProject
Global
	GlobalSection(SolutionConfigurationPlatforms) = preSolution
		Debug|Any CPU = Debug|Any CPU
		Release|Any CPU = Release|Any CPU
	EndGlobalSection
	GlobalSection(ProjectConfigurationPlatforms) = postSolution
		{1EBEFE37-1BE1-4EA8-A1C9-16DCB6E261FB}.Debug|Any CPU.ActiveCfg = Debug|Any CPU
		{1EBEFE37-1BE1-4EA8-A1C9-16DCB6E261FB}.Debug|Any CPU.Build.0 = Debug|Any CPU
		{1EBEFE37-1BE1-4EA8-A1C9-16DCB6E261FB}.Release|Any CPU.ActiveCfg = Release|Any CPU
		{1EBEFE37-1BE1-4EA8-A1C9-16DCB6E261FB}.Release|Any CPU.Build.0 = Release|Any CPU
		{438532A0-5EB8-42FD-9AD4-EC8C0B3F5082}.Debug|Any CPU.ActiveCfg = Debug|Any CPU
		{438532A0-5EB8-42FD-9AD4-EC8C0B3F5082}.Debug|Any CPU.Build.0 = Debug|Any CPU
		{438532A0-5EB8-42FD-9AD4-EC8C0B3F5082}.Release|Any CPU.ActiveCfg = Release|Any CPU
		{438532A0-5EB8-42FD-9AD4-EC8C0B3F5082}.Release|Any CPU.Build.0 = Release|Any CPU
	EndGlobalSection
	GlobalSection(SolutionProperties) = preSolution
		HideSolutionNode = FALSE
	EndGlobalSection
EndGlobal
